// !$*UTF8*$!
{
	archiveVersion = 1;
	classes = {
	};
	objectVersion = 48;
	objects = {

/* Begin PBXBuildFile section */
		1082DB4E1FF3669A0092DA04 /* AppDelegate.m in Sources */ = {isa = PBXBuildFile; fileRef = 1082DB4D1FF3669A0092DA04 /* AppDelegate.m */; };
		1082DB511FF3669A0092DA04 /* RootViewController.m in Sources */ = {isa = PBXBuildFile; fileRef = 1082DB501FF3669A0092DA04 /* RootViewController.m */; };
		1082DB541FF3669A0092DA04 /* DataViewController.m in Sources */ = {isa = PBXBuildFile; fileRef = 1082DB531FF3669A0092DA04 /* DataViewController.m */; };
		1082DB571FF3669A0092DA04 /* ModelController.m in Sources */ = {isa = PBXBuildFile; fileRef = 1082DB561FF3669A0092DA04 /* ModelController.m */; };
		1082DB5A1FF3669A0092DA04 /* Main.storyboard in Resources */ = {isa = PBXBuildFile; fileRef = 1082DB581FF3669A0092DA04 /* Main.storyboard */; };
		1082DB5C1FF3669A0092DA04 /* Assets.xcassets in Resources */ = {isa = PBXBuildFile; fileRef = 1082DB5B1FF3669A0092DA04 /* Assets.xcassets */; };
		1082DB5F1FF3669A0092DA04 /* LaunchScreen.storyboard in Resources */ = {isa = PBXBuildFile; fileRef = 1082DB5D1FF3669A0092DA04 /* LaunchScreen.storyboard */; };
		1082DB621FF3669A0092DA04 /* main.m in Sources */ = {isa = PBXBuildFile; fileRef = 1082DB611FF3669A0092DA04 /* main.m */; };
/* End PBXBuildFile section */

/* Begin PBXFileReference section */
		1082DB491FF3669A0092DA04 /* oc_project.app */ = {isa = PBXFileReference; explicitFileType = wrapper.application; includeInIndex = 0; path = oc_project.app; sourceTree = BUILT_PRODUCTS_DIR; };
		1082DB4C1FF3669A0092DA04 /* AppDelegate.h */ = {isa = PBXFileReference; lastKnownFileType = sourcecode.c.h; path = AppDelegate.h; sourceTree = "<group>"; };
		1082DB4D1FF3669A0092DA04 /* AppDelegate.m */ = {isa = PBXFileReference; lastKnownFileType = sourcecode.c.objc; path = AppDelegate.m; sourceTree = "<group>"; };
		1082DB4F1FF3669A0092DA04 /* RootViewController.h */ = {isa = PBXFileReference; lastKnownFileType = sourcecode.c.h; path = RootViewController.h; sourceTree = "<group>"; };
		1082DB501FF3669A0092DA04 /* RootViewController.m */ = {isa = PBXFileReference; lastKnownFileType = sourcecode.c.objc; path = RootViewController.m; sourceTree = "<group>"; };
		1082DB521FF3669A0092DA04 /* DataViewController.h */ = {isa = PBXFileReference; lastKnownFileType = sourcecode.c.h; path = DataViewController.h; sourceTree = "<group>"; };
		1082DB531FF3669A0092DA04 /* DataViewController.m */ = {isa = PBXFileReference; lastKnownFileType = sourcecode.c.objc; path = DataViewController.m; sourceTree = "<group>"; };
		1082DB551FF3669A0092DA04 /* ModelController.h */ = {isa = PBXFileReference; lastKnownFileType = sourcecode.c.h; path = ModelController.h; sourceTree = "<group>"; };
		1082DB561FF3669A0092DA04 /* ModelController.m */ = {isa = PBXFileReference; lastKnownFileType = sourcecode.c.objc; path = ModelController.m; sourceTree = "<group>"; };
		1082DB591FF3669A0092DA04 /* Base */ = {isa = PBXFileReference; lastKnownFileType = file.storyboard; name = Base; path = Base.lproj/Main.storyboard; sourceTree = "<group>"; };
		1082DB5B1FF3669A0092DA04 /* Assets.xcassets */ = {isa = PBXFileReference; lastKnownFileType = folder.assetcatalog; path = Assets.xcassets; sourceTree = "<group>"; };
		1082DB5E1FF3669A0092DA04 /* Base */ = {isa = PBXFileReference; lastKnownFileType = file.storyboard; name = Base; path = Base.lproj/LaunchScreen.storyboard; sourceTree = "<group>"; };
		1082DB601FF3669A0092DA04 /* Info.plist */ = {isa = PBXFileReference; lastKnownFileType = text.plist.xml; path = Info.plist; sourceTree = "<group>"; };
		1082DB611FF3669A0092DA04 /* main.m */ = {isa = PBXFileReference; lastKnownFileType = sourcecode.c.objc; path = main.m; sourceTree = "<group>"; };
/* End PBXFileReference section */

/* Begin PBXFrameworksBuildPhase section */
		1082DB461FF3669A0092DA04 /* Frameworks */ = {
			isa = PBXFrameworksBuildPhase;
			buildActionMask = 2147483647;
			files = (
			);
			runOnlyForDeploymentPostprocessing = 0;
		};
/* End PBXFrameworksBuildPhase section */

/* Begin PBXGroup section */
		1082DB401FF3669A0092DA04 = {
			isa = PBXGroup;
			children = (
				1082DB4B1FF3669A0092DA04 /* oc_project */,
				1082DB4A1FF3669A0092DA04 /* Products */,
			);
			sourceTree = "<group>";
		};
		1082DB4A1FF3669A0092DA04 /* Products */ = {
			isa = PBXGroup;
			children = (
				1082DB491FF3669A0092DA04 /* oc_project.app */,
			);
			name = Products;
			sourceTree = "<group>";
		};
		1082DB4B1FF3669A0092DA04 /* oc_project */ = {
			isa = PBXGroup;
			children = (
				1082DB4C1FF3669A0092DA04 /* AppDelegate.h */,
				1082DB4D1FF3669A0092DA04 /* AppDelegate.m */,
				1082DB4F1FF3669A0092DA04 /* RootViewController.h */,
				1082DB501FF3669A0092DA04 /* RootViewController.m */,
				1082DB521FF3669A0092DA04 /* DataViewController.h */,
				1082DB531FF3669A0092DA04 /* DataViewController.m */,
				1082DB551FF3669A0092DA04 /* ModelController.h */,
				1082DB561FF3669A0092DA04 /* ModelController.m */,
				1082DB581FF3669A0092DA04 /* Main.storyboard */,
				1082DB5B1FF3669A0092DA04 /* Assets.xcassets */,
				1082DB5D1FF3669A0092DA04 /* LaunchScreen.storyboard */,
				1082DB601FF3669A0092DA04 /* Info.plist */,
				1082DB611FF3669A0092DA04 /* main.m */,
			);
			path = oc_project;
			sourceTree = "<group>";
		};
/* End PBXGroup section */

/* Begin PBXNativeTarget section */
		1082DB481FF3669A0092DA04 /* oc_project */ = {
			isa = PBXNativeTarget;
			buildConfigurationList = 1082DB651FF3669A0092DA04 /* Build configuration list for PBXNativeTarget "oc_project" */;
			buildPhases = (
				1082DB451FF3669A0092DA04 /* Sources */,
				1082DB461FF3669A0092DA04 /* Frameworks */,
				1082DB471FF3669A0092DA04 /* Resources */,
			);
			buildRules = (
			);
			dependencies = (
			);
			name = oc_project;
			productName = oc_project;
			productReference = 1082DB491FF3669A0092DA04 /* oc_project.app */;
			productType = "com.apple.product-type.application";
		};
/* End PBXNativeTarget section */

/* Begin PBXProject section */
		1082DB411FF3669A0092DA04 /* Project object */ = {
			isa = PBXProject;
			attributes = {
				LastUpgradeCheck = 0920;
				ORGANIZATIONNAME = ShiHua;
				TargetAttributes = {
					1082DB481FF3669A0092DA04 = {
						CreatedOnToolsVersion = 9.2;
						ProvisioningStyle = Automatic;
					};
				};
			};
			buildConfigurationList = 1082DB441FF3669A0092DA04 /* Build configuration list for PBXProject "oc_project" */;
			compatibilityVersion = "Xcode 8.0";
			developmentRegion = en;
			hasScannedForEncodings = 0;
			knownRegions = (
				en,
				Base,
			);
			mainGroup = 1082DB401FF3669A0092DA04;
			productRefGroup = 1082DB4A1FF3669A0092DA04 /* Products */;
			projectDirPath = "";
			projectRoot = "";
			targets = (
				1082DB481FF3669A0092DA04 /* oc_project */,
			);
		};
/* End PBXProject section */

/* Begin PBXResourcesBuildPhase section */
		1082DB471FF3669A0092DA04 /* Resources */ = {
			isa = PBXResourcesBuildPhase;
			buildActionMask = 2147483647;
			files = (
				1082DB5F1FF3669A0092DA04 /* LaunchScreen.storyboard in Resources */,
				1082DB5C1FF3669A0092DA04 /* Assets.xcassets in Resources */,
				1082DB5A1FF3669A0092DA04 /* Main.storyboard in Resources */,
			);
			runOnlyForDeploymentPostprocessing = 0;
		};
/* End PBXResourcesBuildPhase section */

/* Begin PBXSourcesBuildPhase section */
		1082DB451FF3669A0092DA04 /* Sources */ = {
			isa = PBXSourcesBuildPhase;
			buildActionMask = 2147483647;
			files = (
				1082DB621FF3669A0092DA04 /* main.m in Sources */,
				1082DB511FF3669A0092DA04 /* RootViewController.m in Sources */,
				1082DB571FF3669A0092DA04 /* ModelController.m in Sources */,
				1082DB541FF3669A0092DA04 /* DataViewController.m in Sources */,
				1082DB4E1FF3669A0092DA04 /* AppDelegate.m in Sources */,
			);
			runOnlyForDeploymentPostprocessing = 0;
		};
/* End PBXSourcesBuildPhase section */

/* Begin PBXVariantGroup section */
		1082DB581FF3669A0092DA04 /* Main.storyboard */ = {
			isa = PBXVariantGroup;
			children = (
				1082DB591FF3669A0092DA04 /* Base */,
			);
			name = Main.storyboard;
			sourceTree = "<group>";
		};
		1082DB5D1FF3669A0092DA04 /* LaunchScreen.storyboard */ = {
			isa = PBXVariantGroup;
			children = (
				1082DB5E1FF3669A0092DA04 /* Base */,
			);
			name = LaunchScreen.storyboard;
			sourceTree = "<group>";
		};
/* End PBXVariantGroup section */

/* Begin XCBuildConfiguration section */
		1082DB631FF3669A0092DA04 /* Debug */ = {
			isa = XCBuildConfiguration;
			buildSettings = {
				ALWAYS_SEARCH_USER_PATHS = NO;
				CLANG_ANALYZER_NONNULL = YES;
				CLANG_ANALYZER_NUMBER_OBJECT_CONVERSION = YES_AGGRESSIVE;
				CLANG_CXX_LANGUAGE_STANDARD = "gnu++14";
				CLANG_CXX_LIBRARY = "libc++";
				CLANG_ENABLE_MODULES = YES;
				CLANG_ENABLE_OBJC_ARC = YES;
				CLANG_WARN_BLOCK_CAPTURE_AUTORELEASING = YES;
				CLANG_WARN_BOOL_CONVERSION = YES;
				CLANG_WARN_COMMA = YES;
				CLANG_WARN_CONSTANT_CONVERSION = YES;
				CLANG_WARN_DIRECT_OBJC_ISA_USAGE = YES_ERROR;
				CLANG_WARN_DOCUMENTATION_COMMENTS = YES;
				CLANG_WARN_EMPTY_BODY = YES;
				CLANG_WARN_ENUM_CONVERSION = YES;
				CLANG_WARN_INFINITE_RECURSION = YES;
				CLANG_WARN_INT_CONVERSION = YES;
				CLANG_WARN_NON_LITERAL_NULL_CONVERSION = YES;
				CLANG_WARN_OBJC_LITERAL_CONVERSION = YES;
				CLANG_WARN_OBJC_ROOT_CLASS = YES_ERROR;
				CLANG_WARN_RANGE_LOOP_ANALYSIS = YES;
				CLANG_WARN_STRICT_PROTOTYPES = YES;
				CLANG_WARN_SUSPICIOUS_MOVE = YES;
				CLANG_WARN_UNGUARDED_AVAILABILITY = YES_AGGRESSIVE;
				CLANG_WARN_UNREACHABLE_CODE = YES;
				CLANG_WARN__DUPLICATE_METHOD_MATCH = YES;
				CODE_SIGN_IDENTITY = "iPhone Developer";
				COPY_PHASE_STRIP = NO;
				DEBUG_INFORMATION_FORMAT = dwarf;
				ENABLE_STRICT_OBJC_MSGSEND = YES;
				ENABLE_TESTABILITY = YES;
				GCC_C_LANGUAGE_STANDARD = gnu11;
				GCC_DYNAMIC_NO_PIC = NO;
				GCC_NO_COMMON_BLOCKS = YES;
				GCC_OPTIMIZATION_LEVEL = 0;
				GCC_PREPROCESSOR_DEFINITIONS = (
					"DEBUG=1",
					"$(inherited)",
				);
				GCC_WARN_64_TO_32_BIT_CONVERSION = YES;
				GCC_WARN_ABOUT_RETURN_TYPE = YES_ERROR;
				GCC_WARN_UNDECLARED_SELECTOR = YES;
				GCC_WARN_UNINITIALIZED_AUTOS = YES_AGGRESSIVE;
				GCC_WARN_UNUSED_FUNCTION = YES;
				GCC_WARN_UNUSED_VARIABLE = YES;
				IPHONEOS_DEPLOYMENT_TARGET = 11.2;
				MTL_ENABLE_DEBUG_INFO = YES;
				ONLY_ACTIVE_ARCH = YES;
				SDKROOT = iphoneos;
			};
			name = Debug;
		};
		1082DB641FF3669A0092DA04 /* Release */ = {
			isa = XCBuildConfiguration;
			buildSettings = {
				ALWAYS_SEARCH_USER_PATHS = NO;
				CLANG_ANALYZER_NONNULL = YES;
				CLANG_ANALYZER_NUMBER_OBJECT_CONVERSION = YES_AGGRESSIVE;
				CLANG_CXX_LANGUAGE_STANDARD = "gnu++14";
				CLANG_CXX_LIBRARY = "libc++";
				CLANG_ENABLE_MODULES = YES;
				CLANG_ENABLE_OBJC_ARC = YES;
				CLANG_WARN_BLOCK_CAPTURE_AUTORELEASING = YES;
				CLANG_WARN_BOOL_CONVERSION = YES;
				CLANG_WARN_COMMA = YES;
				CLANG_WARN_CONSTANT_CONVERSION = YES;
				CLANG_WARN_DIRECT_OBJC_ISA_USAGE = YES_ERROR;
				CLANG_WARN_DOCUMENTATION_COMMENTS = YES;
				CLANG_WARN_EMPTY_BODY = YES;
				CLANG_WARN_ENUM_CONVERSION = YES;
				CLANG_WARN_INFINITE_RECURSION = YES;
				CLANG_WARN_INT_CONVERSION = YES;
				CLANG_WARN_NON_LITERAL_NULL_CONVERSION = YES;
				CLANG_WARN_OBJC_LITERAL_CONVERSION = YES;
				CLANG_WARN_OBJC_ROOT_CLASS = YES_ERROR;
				CLANG_WARN_RANGE_LOOP_ANALYSIS = YES;
				CLANG_WARN_STRICT_PROTOTYPES = YES;
				CLANG_WARN_SUSPICIOUS_MOVE = YES;
				CLANG_WARN_UNGUARDED_AVAILABILITY = YES_AGGRESSIVE;
				CLANG_WARN_UNREACHABLE_CODE = YES;
				CLANG_WARN__DUPLICATE_METHOD_MATCH = YES;
				CODE_SIGN_IDENTITY = "iPhone Developer";
				COPY_PHASE_STRIP = NO;
				DEBUG_INFORMATION_FORMAT = "dwarf-with-dsym";
				ENABLE_NS_ASSERTIONS = NO;
				ENABLE_STRICT_OBJC_MSGSEND = YES;
				GCC_C_LANGUAGE_STANDARD = gnu11;
				GCC_NO_COMMON_BLOCKS = YES;
				GCC_WARN_64_TO_32_BIT_CONVERSION = YES;
				GCC_WARN_ABOUT_RETURN_TYPE = YES_ERROR;
				GCC_WARN_UNDECLARED_SELECTOR = YES;
				GCC_WARN_UNINITIALIZED_AUTOS = YES_AGGRESSIVE;
				GCC_WARN_UNUSED_FUNCTION = YES;
				GCC_WARN_UNUSED_VARIABLE = YES;
				IPHONEOS_DEPLOYMENT_TARGET = 11.2;
				MTL_ENABLE_DEBUG_INFO = NO;
				SDKROOT = iphoneos;
				VALIDATE_PRODUCT = YES;
			};
			name = Release;
		};
		1082DB661FF3669A0092DA04 /* Debug */ = {
			isa = XCBuildConfiguration;
			buildSettings = {
				ASSETCATALOG_COMPILER_APPICON_NAME = AppIcon;
				CODE_SIGN_STYLE = Automatic;
				INFOPLIST_FILE = oc_project/Info.plist;
				LD_RUNPATH_SEARCH_PATHS = "$(inherited) @executable_path/Frameworks";
				PRODUCT_BUNDLE_IDENTIFIER = "com.feizhang.oc-project";
				PRODUCT_NAME = "$(TARGET_NAME)";
				TARGETED_DEVICE_FAMILY = "1,2";
			};
			name = Debug;
		};
		1082DB671FF3669A0092DA04 /* Release */ = {
			isa = XCBuildConfiguration;
			buildSettings = {
				ASSETCATALOG_COMPILER_APPICON_NAME = AppIcon;
				CODE_SIGN_STYLE = Automatic;
				INFOPLIST_FILE = oc_project/Info.plist;
				LD_RUNPATH_SEARCH_PATHS = "$(inherited) @executable_path/Frameworks";
				PRODUCT_BUNDLE_IDENTIFIER = "com.feizhang.oc-project";
				PRODUCT_NAME = "$(TARGET_NAME)";
				TARGETED_DEVICE_FAMILY = "1,2";
			};
			name = Release;
		};
/* End XCBuildConfiguration section */

/* Begin XCConfigurationList section */
		1082DB441FF3669A0092DA04 /* Build configuration list for PBXProject "oc_project" */ = {
			isa = XCConfigurationList;
			buildConfigurations = (
				1082DB631FF3669A0092DA04 /* Debug */,
				1082DB641FF3669A0092DA04 /* Release */,
			);
			defaultConfigurationIsVisible = 0;
			defaultConfigurationName = Release;
		};
		1082DB651FF3669A0092DA04 /* Build configuration list for PBXNativeTarget "oc_project" */ = {
			isa = XCConfigurationList;
			buildConfigurations = (
				1082DB661FF3669A0092DA04 /* Debug */,
				1082DB671FF3669A0092DA04 /* Release */,
			);
			defaultConfigurationIsVisible = 0;
			defaultConfigurationName = Release;
		};
/* End XCConfigurationList section */
	};
	rootObject = 1082DB411FF3669A0092DA04 /* Project object */;
}
